# This is a Gradle generated file for dependency locking.
# Manual edits can break the build and are not advised.
# This file is expected to be part of source control.
ch.qos.logback:logback-classic:1.5.12=javadocAggregatorClasspath
ch.qos.logback:logback-core:1.5.12=javadocAggregatorClasspath
com.aayushatharva.brotli4j:brotli4j:1.16.0=javadocAggregatorClasspath
com.aayushatharva.brotli4j:service:1.16.0=javadocAggregatorClasspath
com.blazebit:blaze-common-utils:0.1.21=aggregateCodeCoverageReportResults,aggregateTestReportResults,javadocAggregatorClasspath
com.blazebit:blaze-persistence-core-api:1.6.12=aggregateCodeCoverageReportResults,aggregateTestReportResults,javadocAggregatorClasspath
com.blazebit:blaze-persistence-core-impl:1.6.12=aggregateCodeCoverageReportResults,aggregateTestReportResults,javadocAggregatorClasspath
com.blazebit:blaze-persistence-core-parser:1.6.12=aggregateCodeCoverageReportResults,aggregateTestReportResults,javadocAggregatorClasspath
com.fasterxml.jackson.core:jackson-annotations:2.17.2=aggregateCodeCoverageReportResults,aggregateTestReportResults,javadocAggregatorClasspath
com.fasterxml.jackson.core:jackson-core:2.17.2=aggregateCodeCoverageReportResults,aggregateTestReportResults,javadocAggregatorClasspath
com.fasterxml.jackson.core:jackson-databind:2.17.2=aggregateCodeCoverageReportResults,aggregateTestReportResults,javadocAggregatorClasspath
com.fasterxml.jackson.datatype:jackson-datatype-jdk8:2.17.2=aggregateCodeCoverageReportResults,aggregateTestReportResults,javadocAggregatorClasspath
com.fasterxml.jackson.datatype:jackson-datatype-jsr310:2.17.2=aggregateCodeCoverageReportResults,aggregateTestReportResults,javadocAggregatorClasspath
com.fasterxml.jackson.module:jackson-module-afterburner:2.17.2=javadocAggregatorClasspath
com.fasterxml.jackson.module:jackson-module-kotlin:2.17.2=javadocAggregatorClasspath
com.fasterxml.jackson.module:jackson-module-parameter-names:2.17.2=javadocAggregatorClasspath
com.fasterxml.jackson:jackson-bom:2.17.2=aggregateCodeCoverageReportResults,aggregateTestReportResults,javadocAggregatorClasspath
com.github.akarnokd:rxjava3-bridge:3.0.2=javadocAggregatorClasspath
com.github.ben-manes.caffeine:caffeine:2.9.3=javadocAggregatorClasspath
com.github.javaparser:javaparser-core:3.26.2=aggregateCodeCoverageReportResults,aggregateTestReportResults,javadocAggregatorClasspath
com.github.javaparser:javaparser-symbol-solver-core:3.26.2=aggregateCodeCoverageReportResults,aggregateTestReportResults,javadocAggregatorClasspath
com.google.devtools.ksp:symbol-processing-api:1.9.25-1.0.20=aggregateCodeCoverageReportResults,aggregateTestReportResults,javadocAggregatorClasspath
com.google.devtools.ksp:symbol-processing:1.9.25-1.0.20=aggregateCodeCoverageReportResults,aggregateTestReportResults,javadocAggregatorClasspath
com.google.errorprone:error_prone_annotations:2.10.0=javadocAggregatorClasspath
com.squareup.okio:okio-jvm:3.9.1=aggregateCodeCoverageReportResults,aggregateTestReportResults,javadocAggregatorClasspath
com.squareup.okio:okio:3.9.1=aggregateCodeCoverageReportResults,aggregateTestReportResults,javadocAggregatorClasspath
io.github.classgraph:classgraph:4.8.177=aggregateCodeCoverageReportResults,aggregateTestReportResults,javadocAggregatorClasspath
io.methvin:directory-watcher:0.18.0=aggregateCodeCoverageReportResults,aggregateTestReportResults,javadocAggregatorClasspath
io.micrometer:context-propagation:1.1.1=javadocAggregatorClasspath
io.micronaut.groovy:micronaut-runtime-groovy:4.4.0=javadocAggregatorClasspath
io.micronaut.reactor:micronaut-reactor-bom:3.5.0=javadocAggregatorClasspath
io.micronaut.reactor:micronaut-reactor:3.4.1=aggregateCodeCoverageReportResults,aggregateTestReportResults
io.micronaut.reactor:micronaut-reactor:3.5.0=javadocAggregatorClasspath
io.micronaut.rxjava2:micronaut-rxjava2-bom:2.5.0=javadocAggregatorClasspath
io.micronaut.rxjava2:micronaut-rxjava2-http-client:2.5.0=javadocAggregatorClasspath
io.micronaut.rxjava2:micronaut-rxjava2:2.5.0=javadocAggregatorClasspath
io.micronaut.rxjava3:micronaut-rxjava3-bom:3.5.0=javadocAggregatorClasspath
io.micronaut.rxjava3:micronaut-rxjava3-http-client:3.5.0=javadocAggregatorClasspath
io.micronaut.rxjava3:micronaut-rxjava3:3.5.0=javadocAggregatorClasspath
io.micronaut.sql:micronaut-jdbc:5.3.0=javadocAggregatorClasspath
io.micronaut.validation:micronaut-validation-bom:4.7.0=aggregateCodeCoverageReportResults,aggregateTestReportResults,javadocAggregatorClasspath
io.micronaut.validation:micronaut-validation:4.7.0=aggregateCodeCoverageReportResults,aggregateTestReportResults,javadocAggregatorClasspath
io.micronaut:micronaut-core:4.6.1=javadocAggregatorClasspath
io.micronaut:micronaut-inject:4.6.1=javadocAggregatorClasspath
io.netty.incubator:netty-incubator-codec-classes-quic:0.0.62.Final=javadocAggregatorClasspath
io.netty.incubator:netty-incubator-codec-http3:0.0.28.Final=javadocAggregatorClasspath
io.netty.incubator:netty-incubator-codec-native-quic:0.0.62.Final=javadocAggregatorClasspath
io.netty.incubator:netty-incubator-transport-classes-io_uring:0.0.25.Final=javadocAggregatorClasspath
io.netty.incubator:netty-incubator-transport-native-io_uring:0.0.25.Final=javadocAggregatorClasspath
io.netty:netty-buffer:4.1.114.Final=aggregateCodeCoverageReportResults,aggregateTestReportResults,javadocAggregatorClasspath
io.netty:netty-codec-dns:4.1.111.Final=javadocAggregatorClasspath
io.netty:netty-codec-http2:4.1.114.Final=aggregateCodeCoverageReportResults,aggregateTestReportResults,javadocAggregatorClasspath
io.netty:netty-codec-http:4.1.114.Final=aggregateCodeCoverageReportResults,aggregateTestReportResults,javadocAggregatorClasspath
io.netty:netty-codec-socks:4.1.114.Final=aggregateCodeCoverageReportResults,aggregateTestReportResults,javadocAggregatorClasspath
io.netty:netty-codec:4.1.114.Final=aggregateCodeCoverageReportResults,aggregateTestReportResults,javadocAggregatorClasspath
io.netty:netty-common:4.1.114.Final=aggregateCodeCoverageReportResults,aggregateTestReportResults,javadocAggregatorClasspath
io.netty:netty-handler-proxy:4.1.114.Final=aggregateCodeCoverageReportResults,aggregateTestReportResults,javadocAggregatorClasspath
io.netty:netty-handler:4.1.114.Final=aggregateCodeCoverageReportResults,aggregateTestReportResults,javadocAggregatorClasspath
io.netty:netty-resolver-dns:4.1.111.Final=javadocAggregatorClasspath
io.netty:netty-resolver:4.1.114.Final=aggregateCodeCoverageReportResults,aggregateTestReportResults,javadocAggregatorClasspath
io.netty:netty-transport-classes-epoll:4.1.114.Final=javadocAggregatorClasspath
io.netty:netty-transport-classes-kqueue:4.1.114.Final=javadocAggregatorClasspath
io.netty:netty-transport-native-epoll:4.1.114.Final=javadocAggregatorClasspath
io.netty:netty-transport-native-kqueue:4.1.114.Final=javadocAggregatorClasspath
io.netty:netty-transport-native-unix-common:4.1.114.Final=aggregateCodeCoverageReportResults,aggregateTestReportResults,javadocAggregatorClasspath
io.netty:netty-transport:4.1.114.Final=aggregateCodeCoverageReportResults,aggregateTestReportResults,javadocAggregatorClasspath
io.projectreactor:reactor-bom:2023.0.9=javadocAggregatorClasspath
io.projectreactor:reactor-core:3.6.10=aggregateCodeCoverageReportResults,aggregateTestReportResults,javadocAggregatorClasspath
io.reactivex.rxjava2:rxjava:2.2.21=javadocAggregatorClasspath
io.reactivex.rxjava2:rxjava:2.2.8=aggregateCodeCoverageReportResults,aggregateTestReportResults
io.reactivex.rxjava3:rxjava:3.1.9=javadocAggregatorClasspath
io.vertx:vertx-core:4.5.10=javadocAggregatorClasspath
jakarta.annotation:jakarta.annotation-api:2.1.1=aggregateCodeCoverageReportResults,aggregateTestReportResults,javadocAggregatorClasspath
jakarta.el:jakarta.el-api:5.0.1=javadocAggregatorClasspath
jakarta.inject:jakarta.inject-api:2.0.1=aggregateCodeCoverageReportResults,aggregateTestReportResults,javadocAggregatorClasspath
jakarta.validation:jakarta.validation-api:3.1.0=aggregateCodeCoverageReportResults,aggregateTestReportResults,javadocAggregatorClasspath
javax.cache:cache-api:1.1.1=javadocAggregatorClasspath
javax.inject:javax.inject:1=javadocAggregatorClasspath
net.java.dev.jna:jna:5.12.1=aggregateCodeCoverageReportResults,aggregateTestReportResults,javadocAggregatorClasspath
org.apache.groovy:groovy-bom:4.0.23=aggregateCodeCoverageReportResults,aggregateTestReportResults,javadocAggregatorClasspath
org.apache.groovy:groovy:4.0.23=aggregateCodeCoverageReportResults,aggregateTestReportResults,javadocAggregatorClasspath
org.apache.logging.log4j:log4j-api:2.23.1=javadocAggregatorClasspath
org.apache.logging.log4j:log4j-core:2.23.1=javadocAggregatorClasspath
org.checkerframework:checker-qual:3.19.0=javadocAggregatorClasspath
org.fusesource.jansi:jansi:1.14=documentation
org.graalvm.sdk:nativeimage:23.1.4=javadocAggregatorClasspath
org.graalvm.sdk:word:23.1.4=javadocAggregatorClasspath
org.hamcrest:hamcrest:2.2=aggregateCodeCoverageReportResults,aggregateTestReportResults,javadocAggregatorClasspath
org.jacoco:org.jacoco.agent:0.8.11=jacocoAgent,jacocoAnt
org.jacoco:org.jacoco.ant:0.8.11=jacocoAnt
org.jacoco:org.jacoco.core:0.8.11=jacocoAnt
org.jacoco:org.jacoco.report:0.8.11=jacocoAnt
org.jetbrains.intellij.deps:trove4j:1.0.20200330=aggregateCodeCoverageReportResults,aggregateTestReportResults,javadocAggregatorClasspath
org.jetbrains.kotlin:kotlin-compiler-embeddable:1.9.25=aggregateCodeCoverageReportResults,aggregateTestReportResults,javadocAggregatorClasspath
org.jetbrains.kotlin:kotlin-daemon-embeddable:1.9.25=aggregateCodeCoverageReportResults,aggregateTestReportResults,javadocAggregatorClasspath
org.jetbrains.kotlin:kotlin-reflect:1.9.25=aggregateCodeCoverageReportResults,aggregateTestReportResults,javadocAggregatorClasspath
org.jetbrains.kotlin:kotlin-script-runtime:1.9.25=aggregateCodeCoverageReportResults,aggregateTestReportResults,javadocAggregatorClasspath
org.jetbrains.kotlin:kotlin-stdlib-jdk7:1.9.0=aggregateCodeCoverageReportResults,aggregateTestReportResults
org.jetbrains.kotlin:kotlin-stdlib-jdk7:1.9.25=javadocAggregatorClasspath
org.jetbrains.kotlin:kotlin-stdlib-jdk8:1.9.0=aggregateCodeCoverageReportResults,aggregateTestReportResults
org.jetbrains.kotlin:kotlin-stdlib-jdk8:1.9.25=javadocAggregatorClasspath
org.jetbrains.kotlin:kotlin-stdlib:1.9.25=aggregateCodeCoverageReportResults,aggregateTestReportResults,javadocAggregatorClasspath
org.jetbrains.kotlinx:kotlinx-coroutines-bom:1.8.1=aggregateCodeCoverageReportResults,aggregateTestReportResults,javadocAggregatorClasspath
org.jetbrains.kotlinx:kotlinx-coroutines-core-jvm:1.8.1=aggregateCodeCoverageReportResults,aggregateTestReportResults,javadocAggregatorClasspath
org.jetbrains.kotlinx:kotlinx-coroutines-core:1.8.1=aggregateCodeCoverageReportResults,aggregateTestReportResults,javadocAggregatorClasspath
org.jetbrains.kotlinx:kotlinx-coroutines-jdk8:1.8.1=aggregateCodeCoverageReportResults,aggregateTestReportResults,javadocAggregatorClasspath
org.jetbrains.kotlinx:kotlinx-coroutines-reactive:1.8.1=aggregateCodeCoverageReportResults,aggregateTestReportResults,javadocAggregatorClasspath
org.jetbrains.kotlinx:kotlinx-coroutines-reactor:1.8.1=javadocAggregatorClasspath
org.jetbrains.kotlinx:kotlinx-coroutines-rx2:1.8.1=aggregateCodeCoverageReportResults,aggregateTestReportResults,javadocAggregatorClasspath
org.jetbrains:annotations:23.1.0=aggregateCodeCoverageReportResults,aggregateTestReportResults,javadocAggregatorClasspath
org.junit.jupiter:junit-jupiter-api:5.10.3=aggregateCodeCoverageReportResults,aggregateTestReportResults,javadocAggregatorClasspath
org.junit.jupiter:junit-jupiter-engine:5.10.3=aggregateCodeCoverageReportResults,aggregateTestReportResults,javadocAggregatorClasspath
org.junit.jupiter:junit-jupiter-params:5.10.3=aggregateCodeCoverageReportResults,aggregateTestReportResults,javadocAggregatorClasspath
org.junit.jupiter:junit-jupiter:5.10.3=aggregateCodeCoverageReportResults,aggregateTestReportResults,javadocAggregatorClasspath
org.junit.platform:junit-platform-commons:1.10.3=aggregateCodeCoverageReportResults,aggregateTestReportResults,javadocAggregatorClasspath
org.junit.platform:junit-platform-engine:1.10.3=aggregateCodeCoverageReportResults,aggregateTestReportResults,javadocAggregatorClasspath
org.junit:junit-bom:5.10.3=aggregateCodeCoverageReportResults,aggregateTestReportResults,javadocAggregatorClasspath
org.opentest4j:opentest4j:1.3.0=aggregateCodeCoverageReportResults,aggregateTestReportResults,javadocAggregatorClasspath
org.ow2.asm:asm-commons:9.6=jacocoAnt
org.ow2.asm:asm-commons:9.7.1=aggregateCodeCoverageReportResults,aggregateTestReportResults,javadocAggregatorClasspath
org.ow2.asm:asm-tree:9.6=jacocoAnt
org.ow2.asm:asm-tree:9.7.1=aggregateCodeCoverageReportResults,aggregateTestReportResults,javadocAggregatorClasspath
org.ow2.asm:asm:9.6=jacocoAnt
org.ow2.asm:asm:9.7.1=aggregateCodeCoverageReportResults,aggregateTestReportResults,javadocAggregatorClasspath
org.reactivestreams:reactive-streams:1.0.4=aggregateCodeCoverageReportResults,aggregateTestReportResults,javadocAggregatorClasspath
org.slf4j:slf4j-api:2.0.16=aggregateCodeCoverageReportResults,aggregateTestReportResults,javadocAggregatorClasspath
org.spockframework:spock-core:2.3-groovy-4.0=aggregateCodeCoverageReportResults,aggregateTestReportResults,javadocAggregatorClasspath
org.yaml:snakeyaml:2.2=javadocAggregatorClasspath
empty=incomingConfigProps,incomingIndividualConfigProps,javadocAggregator
